
Microsoft Visual Studio Solution File, Format Version 12.00
# Visual Studio Version 17
VisualStudioVersion = 17.14.36310.24 d17.14
MinimumVisualStudioVersion = 10.0.40219.1
Project("{FAE04EC0-301F-11D3-BF4B-00C04F79EFBC}") = "LeetCodeProblems", "LeetCodeProblems\LeetCodeProblems.csproj", "{A135216E-4253-45FF-B2D9-78DD37EBBA52}"
EndProject
Global
	GlobalSection(SolutionConfigurationPlatforms) = preSolution
		Debug|Any CPU = Debug|Any CPU
		Release|Any CPU = Release|Any CPU
	EndGlobalSection
	GlobalSection(ProjectConfigurationPlatforms) = postSolution
		{A135216E-4253-45FF-B2D9-78DD37EBBA52}.Debug|Any CPU.ActiveCfg = Debug|Any CPU
		{A135216E-4253-45FF-B2D9-78DD37EBBA52}.Debug|Any CPU.Build.0 = Debug|Any CPU
		{A135216E-4253-45FF-B2D9-78DD37EBBA52}.Release|Any CPU.ActiveCfg = Release|Any CPU
		{A135216E-4253-45FF-B2D9-78DD37EBBA52}.Release|Any CPU.Build.0 = Release|Any CPU
	EndGlobalSection
	GlobalSection(SolutionProperties) = preSolution
		HideSolutionNode = FALSE
	EndGlobalSection
	GlobalSection(ExtensibilityGlobals) = postSolution
		SolutionGuid = {14DC3779-B0D3-4008-B203-CE3F2DCB806B}
	EndGlobalSection
EndGlobal
